
Microsoft Visual Studio Solution File, Format Version 12.00
# Visual Studio Version 16
VisualStudioVersion = 16.0.29911.84
MinimumVisualStudioVersion = 10.0.40219.1
Project("{FAE04EC0-301F-11D3-BF4B-00C04F79EFBC}") = "TugasLab9", "TugasLab9.csproj", "{28709C60-92F3-47F3-A4B6-AD9F1B11F12A}"
EndProject
Global
	GlobalSection(SolutionConfigurationPlatforms) = preSolution
		Debug|Any CPU = Debug|Any CPU
		Release|Any CPU = Release|Any CPU
	EndGlobalSection
	GlobalSection(ProjectConfigurationPlatforms) = postSolution
		{28709C60-92F3-47F3-A4B6-AD9F1B11F12A}.Debug|Any CPU.ActiveCfg = Debug|Any CPU
		{28709C60-92F3-47F3-A4B6-AD9F1B11F12A}.Debug|Any CPU.Build.0 = Debug|Any CPU
		{28709C60-92F3-47F3-A4B6-AD9F1B11F12A}.Release|Any CPU.ActiveCfg = Release|Any CPU
		{28709C60-92F3-47F3-A4B6-AD9F1B11F12A}.Release|Any CPU.Build.0 = Release|Any CPU
	EndGlobalSection
	GlobalSection(SolutionProperties) = preSolution
		HideSolutionNode = FALSE
	EndGlobalSection
	GlobalSection(ExtensibilityGlobals) = postSolution
		SolutionGuid = {1F84A7BD-A787-47DC-BC90-6D94BC1B2F43}
	EndGlobalSection
EndGlobal
